
Microsoft Visual Studio Solution File, Format Version 12.00
Project("{FAE04EC0-301F-11D3-BF4B-00C04F79EFBC}") = "DevFreela.API", "..\..\..\Desktop\DevFreela\DevFreela.API\DevFreela.API.csproj", "{1B98AE7A-47DA-4975-A504-BA917317D5A4}"
EndProject
Project("{FAE04EC0-301F-11D3-BF4B-00C04F79EFBC}") = "DevFreela.Core", "DevFreela.Core\DevFreela.Core.csproj", "{B6CCA047-0192-42C6-8CBD-7307C716132E}"
EndProject
Global
	GlobalSection(SolutionConfigurationPlatforms) = preSolution
		Debug|Any CPU = Debug|Any CPU
		Release|Any CPU = Release|Any CPU
	EndGlobalSection
	GlobalSection(ProjectConfigurationPlatforms) = postSolution
		{1B98AE7A-47DA-4975-A504-BA917317D5A4}.Debug|Any CPU.ActiveCfg = Debug|Any CPU
		{1B98AE7A-47DA-4975-A504-BA917317D5A4}.Debug|Any CPU.Build.0 = Debug|Any CPU
		{1B98AE7A-47DA-4975-A504-BA917317D5A4}.Release|Any CPU.ActiveCfg = Release|Any CPU
		{1B98AE7A-47DA-4975-A504-BA917317D5A4}.Release|Any CPU.Build.0 = Release|Any CPU
		{B6CCA047-0192-42C6-8CBD-7307C716132E}.Debug|Any CPU.ActiveCfg = Debug|Any CPU
		{B6CCA047-0192-42C6-8CBD-7307C716132E}.Debug|Any CPU.Build.0 = Debug|Any CPU
		{B6CCA047-0192-42C6-8CBD-7307C716132E}.Release|Any CPU.ActiveCfg = Release|Any CPU
		{B6CCA047-0192-42C6-8CBD-7307C716132E}.Release|Any CPU.Build.0 = Release|Any CPU
	EndGlobalSection
EndGlobal
